github.com/pkg/errors v0.9.1 h1:FEBLx1zS214owpjy7qsBeixbURkuhQAwrK5UwLGTwt4=
github.com/pkg/errors v0.9.1/go.mod h1:bwawxfHBFNV+L2hUp1rHADufV3IMtnDRdf1r5NINEl0=
logur.dev/logur v0.16.2 h1:q4MxivaiTXiDHrQyeCH5WkwBLUrd6rM2lZlyztYvi4o=
logur.dev/logur v0.16.2/go.mod h1:DyA5B+b6WjjCcnpE1+HGtTLh2lXooxRq+JmAwXMRK08=
